
Microsoft Visual Studio Solution File, Format Version 12.00
# Visual Studio 14
VisualStudioVersion = 14.0.23107.0
MinimumVisualStudioVersion = 10.0.40219.1
Project("{FAE04EC0-301F-11D3-BF4B-00C04F79EFBC}") = "WebCrawler", "WebCrawler\WebCrawler.csproj", "{1E6376D2-C158-40B3-A146-674231E68D71}"
EndProject
Project("{FAE04EC0-301F-11D3-BF4B-00C04F79EFBC}") = "WebCrawlerDLL", "WebCrawlerDLL\WebCrawlerDLL.csproj", "{2E104355-1258-465B-95BE-EC503F6019CE}"
EndProject
Global
	GlobalSection(SolutionConfigurationPlatforms) = preSolution
		Debug|Any CPU = Debug|Any CPU
		Release|Any CPU = Release|Any CPU
	EndGlobalSection
	GlobalSection(ProjectConfigurationPlatforms) = postSolution
		{1E6376D2-C158-40B3-A146-674231E68D71}.Debug|Any CPU.ActiveCfg = Debug|Any CPU
		{1E6376D2-C158-40B3-A146-674231E68D71}.Debug|Any CPU.Build.0 = Debug|Any CPU
		{1E6376D2-C158-40B3-A146-674231E68D71}.Release|Any CPU.ActiveCfg = Release|Any CPU
		{1E6376D2-C158-40B3-A146-674231E68D71}.Release|Any CPU.Build.0 = Release|Any CPU
		{2E104355-1258-465B-95BE-EC503F6019CE}.Debug|Any CPU.ActiveCfg = Debug|Any CPU
		{2E104355-1258-465B-95BE-EC503F6019CE}.Debug|Any CPU.Build.0 = Debug|Any CPU
		{2E104355-1258-465B-95BE-EC503F6019CE}.Release|Any CPU.ActiveCfg = Release|Any CPU
		{2E104355-1258-465B-95BE-EC503F6019CE}.Release|Any CPU.Build.0 = Release|Any CPU
	EndGlobalSection
	GlobalSection(SolutionProperties) = preSolution
		HideSolutionNode = FALSE
	EndGlobalSection
EndGlobal
